
Microsoft Visual Studio Solution File, Format Version 12.00
# Visual Studio 2013
VisualStudioVersion = 12.0.21005.1
MinimumVisualStudioVersion = 10.0.40219.1
Project("{FAE04EC0-301F-11D3-BF4B-00C04F79EFBC}") = "VisioComCppAddinWizard", "Wizard\VisioComCppAddinWizard.csproj", "{670CD94F-4630-47E3-A4B1-067FB7503A4E}"
EndProject
Project("{FAE04EC0-301F-11D3-BF4B-00C04F79EFBC}") = "VSIX", "VSIX\VSIX.csproj", "{B8A97D18-38E9-42BA-99A3-8925C4939D5E}"
EndProject
Project("{FAE04EC0-301F-11D3-BF4B-00C04F79EFBC}") = "Template", "Template\Template.csproj", "{C31DA1F2-DDAB-459F-A003-CF90512F8569}"
EndProject
Global
	GlobalSection(SolutionConfigurationPlatforms) = preSolution
		Debug|Any CPU = Debug|Any CPU
		Release|Any CPU = Release|Any CPU
	EndGlobalSection
	GlobalSection(ProjectConfigurationPlatforms) = postSolution
		{670CD94F-4630-47E3-A4B1-067FB7503A4E}.Debug|Any CPU.ActiveCfg = Debug|Any CPU
		{670CD94F-4630-47E3-A4B1-067FB7503A4E}.Debug|Any CPU.Build.0 = Debug|Any CPU
		{670CD94F-4630-47E3-A4B1-067FB7503A4E}.Release|Any CPU.ActiveCfg = Release|Any CPU
		{670CD94F-4630-47E3-A4B1-067FB7503A4E}.Release|Any CPU.Build.0 = Release|Any CPU
		{B8A97D18-38E9-42BA-99A3-8925C4939D5E}.Debug|Any CPU.ActiveCfg = Debug|Any CPU
		{B8A97D18-38E9-42BA-99A3-8925C4939D5E}.Debug|Any CPU.Build.0 = Debug|Any CPU
		{B8A97D18-38E9-42BA-99A3-8925C4939D5E}.Release|Any CPU.ActiveCfg = Release|Any CPU
		{B8A97D18-38E9-42BA-99A3-8925C4939D5E}.Release|Any CPU.Build.0 = Release|Any CPU
		{C31DA1F2-DDAB-459F-A003-CF90512F8569}.Debug|Any CPU.ActiveCfg = Debug|Any CPU
		{C31DA1F2-DDAB-459F-A003-CF90512F8569}.Debug|Any CPU.Build.0 = Debug|Any CPU
		{C31DA1F2-DDAB-459F-A003-CF90512F8569}.Release|Any CPU.ActiveCfg = Release|Any CPU
		{C31DA1F2-DDAB-459F-A003-CF90512F8569}.Release|Any CPU.Build.0 = Release|Any CPU
	EndGlobalSection
	GlobalSection(SolutionProperties) = preSolution
		HideSolutionNode = FALSE
	EndGlobalSection
EndGlobal
